
Microsoft Visual Studio Solution File, Format Version 12.00
# Visual Studio Version 18
VisualStudioVersion = 18.4.11605.240 stable
MinimumVisualStudioVersion = 10.0.40219.1
Project("{FAE04EC0-301F-11D3-BF4B-00C04F79EFBC}") = "AthletaNet", "AthletaNet.csproj", "{D886F3CF-A7AC-3B52-3763-5B4B9577AA04}"
EndProject
Global
	GlobalSection(SolutionConfigurationPlatforms) = preSolution
		Debug|Any CPU = Debug|Any CPU
		Release|Any CPU = Release|Any CPU
	EndGlobalSection
	GlobalSection(ProjectConfigurationPlatforms) = postSolution
		{D886F3CF-A7AC-3B52-3763-5B4B9577AA04}.Debug|Any CPU.ActiveCfg = Debug|Any CPU
		{D886F3CF-A7AC-3B52-3763-5B4B9577AA04}.Debug|Any CPU.Build.0 = Debug|Any CPU
		{D886F3CF-A7AC-3B52-3763-5B4B9577AA04}.Release|Any CPU.ActiveCfg = Release|Any CPU
		{D886F3CF-A7AC-3B52-3763-5B4B9577AA04}.Release|Any CPU.Build.0 = Release|Any CPU
	EndGlobalSection
	GlobalSection(SolutionProperties) = preSolution
		HideSolutionNode = FALSE
	EndGlobalSection
	GlobalSection(ExtensibilityGlobals) = postSolution
		SolutionGuid = {5C7DE7B1-C660-4914-9646-C295C43960FA}
	EndGlobalSection
EndGlobal
